
Microsoft Visual Studio Solution File, Format Version 12.00
# Visual Studio Version 17
VisualStudioVersion = 17.0.32126.317
MinimumVisualStudioVersion = 10.0.40219.1
Project("{9A19103F-16F7-4668-BE54-9A1E7A4F7556}") = "Web", "Web\Web.csproj", "{13DE1AA7-4235-4C12-BC51-CBBAE2371F9A}"
EndProject
Project("{9A19103F-16F7-4668-BE54-9A1E7A4F7556}") = "Data", "Data\Data.csproj", "{30CC70CC-CEC6-4E0C-9140-AE78832C6B73}"
EndProject
Project("{9A19103F-16F7-4668-BE54-9A1E7A4F7556}") = "Logic", "Logic\Logic.csproj", "{56891DE5-2303-4158-8C45-54D6FF5715C3}"
EndProject
Project("{9A19103F-16F7-4668-BE54-9A1E7A4F7556}") = "Common", "Common\Common.csproj", "{2D408419-CF59-4CB6-B789-AFEEBF72DA82}"
EndProject
Project("{FAE04EC0-301F-11D3-BF4B-00C04F79EFBC}") = "Validators.Tests", "Validators.Tests\Validators.Tests.csproj", "{9FB21D1D-7A58-46A6-B603-E4D0389D48F4}"
EndProject
Global
	GlobalSection(SolutionConfigurationPlatforms) = preSolution
		Debug|Any CPU = Debug|Any CPU
		Release|Any CPU = Release|Any CPU
	EndGlobalSection
	GlobalSection(ProjectConfigurationPlatforms) = postSolution
		{13DE1AA7-4235-4C12-BC51-CBBAE2371F9A}.Debug|Any CPU.ActiveCfg = Debug|Any CPU
		{13DE1AA7-4235-4C12-BC51-CBBAE2371F9A}.Debug|Any CPU.Build.0 = Debug|Any CPU
		{13DE1AA7-4235-4C12-BC51-CBBAE2371F9A}.Release|Any CPU.ActiveCfg = Release|Any CPU
		{13DE1AA7-4235-4C12-BC51-CBBAE2371F9A}.Release|Any CPU.Build.0 = Release|Any CPU
		{30CC70CC-CEC6-4E0C-9140-AE78832C6B73}.Debug|Any CPU.ActiveCfg = Debug|Any CPU
		{30CC70CC-CEC6-4E0C-9140-AE78832C6B73}.Debug|Any CPU.Build.0 = Debug|Any CPU
		{30CC70CC-CEC6-4E0C-9140-AE78832C6B73}.Release|Any CPU.ActiveCfg = Release|Any CPU
		{30CC70CC-CEC6-4E0C-9140-AE78832C6B73}.Release|Any CPU.Build.0 = Release|Any CPU
		{56891DE5-2303-4158-8C45-54D6FF5715C3}.Debug|Any CPU.ActiveCfg = Debug|Any CPU
		{56891DE5-2303-4158-8C45-54D6FF5715C3}.Debug|Any CPU.Build.0 = Debug|Any CPU
		{56891DE5-2303-4158-8C45-54D6FF5715C3}.Release|Any CPU.ActiveCfg = Release|Any CPU
		{56891DE5-2303-4158-8C45-54D6FF5715C3}.Release|Any CPU.Build.0 = Release|Any CPU
		{2D408419-CF59-4CB6-B789-AFEEBF72DA82}.Debug|Any CPU.ActiveCfg = Debug|Any CPU
		{2D408419-CF59-4CB6-B789-AFEEBF72DA82}.Debug|Any CPU.Build.0 = Debug|Any CPU
		{2D408419-CF59-4CB6-B789-AFEEBF72DA82}.Release|Any CPU.ActiveCfg = Release|Any CPU
		{2D408419-CF59-4CB6-B789-AFEEBF72DA82}.Release|Any CPU.Build.0 = Release|Any CPU
		{9FB21D1D-7A58-46A6-B603-E4D0389D48F4}.Debug|Any CPU.ActiveCfg = Debug|Any CPU
		{9FB21D1D-7A58-46A6-B603-E4D0389D48F4}.Debug|Any CPU.Build.0 = Debug|Any CPU
		{9FB21D1D-7A58-46A6-B603-E4D0389D48F4}.Release|Any CPU.ActiveCfg = Release|Any CPU
		{9FB21D1D-7A58-46A6-B603-E4D0389D48F4}.Release|Any CPU.Build.0 = Release|Any CPU
	EndGlobalSection
	GlobalSection(SolutionProperties) = preSolution
		HideSolutionNode = FALSE
	EndGlobalSection
	GlobalSection(ExtensibilityGlobals) = postSolution
		SolutionGuid = {441C2E26-0E4E-4277-81BB-4A9681D20C52}
	EndGlobalSection
EndGlobal
